
Microsoft Visual Studio Solution File, Format Version 12.00
# Visual Studio Version 16
VisualStudioVersion = 16.0.29424.173
MinimumVisualStudioVersion = 10.0.40219.1
Project("{FAE04EC0-301F-11D3-BF4B-00C04F79EFBC}") = "EYBWeb", "EYBWeb\EYBWeb.csproj", "{B77B6F28-7A1B-4763-A839-AAC427FFD81E}"
EndProject
Project("{FAE04EC0-301F-11D3-BF4B-00C04F79EFBC}") = "ServiceEntity", "..\ServiceEntity\ServiceEntity.csproj", "{8672D32B-C7DC-417F-8A1B-3E45E6AC2E6C}"
EndProject
Project("{FAE04EC0-301F-11D3-BF4B-00C04F79EFBC}") = "Common", "..\Common\Common.csproj", "{1D437FC2-5D13-4E88-AAB9-6A8F1F903B2E}"
EndProject
Project("{FAE04EC0-301F-11D3-BF4B-00C04F79EFBC}") = "PatientManageBLL", "..\PatientManage\PatientManageBLL\PatientManageBLL.csproj", "{FC4E6E22-B95A-4D5F-AC9C-751A7844CE51}"
EndProject
Project("{FAE04EC0-301F-11D3-BF4B-00C04F79EFBC}") = "PatientManageDAL", "..\PatientManage\PatientManageDAL\PatientManageDAL.csproj", "{5AB46B8C-F3C0-4DA5-B405-ABB42AFD5F78}"
EndProject
Project("{FAE04EC0-301F-11D3-BF4B-00C04F79EFBC}") = "PatientManageFactory", "..\PatientManage\PatientManageFactory\PatientManageFactory.csproj", "{9FEA43C1-3F1D-4341-A9BA-BE347401C42B}"
EndProject
Project("{2150E333-8FDC-42A3-9474-1A3956D46DE8}") = "4-PersonnelManage员工管理", "4-PersonnelManage员工管理", "{B30BEEBA-F197-4783-8F86-03546604ABFB}"
EndProject
Project("{FAE04EC0-301F-11D3-BF4B-00C04F79EFBC}") = "PersonnelManageBLL", "..\PersonnelManage\PersonnelManageBLL\PersonnelManageBLL.csproj", "{C071820F-24ED-49AE-88E5-E525F528FD08}"
EndProject
Project("{FAE04EC0-301F-11D3-BF4B-00C04F79EFBC}") = "PersonnelManageDAL", "..\PersonnelManage\PersonnelManageDAL\PersonnelManageDAL.csproj", "{DF4EB9EF-FE62-44B8-98BB-D35F3DBFB500}"
EndProject
Project("{FAE04EC0-301F-11D3-BF4B-00C04F79EFBC}") = "PersonnelManageFactory", "..\PersonnelManage\PersonnelManageFactory\PersonnelManageFactory.csproj", "{07559B83-FEA8-4FFA-9283-61AA4299FD66}"
EndProject
Project("{2150E333-8FDC-42A3-9474-1A3956D46DE8}") = "9-DepartmentManage部门管理", "9-DepartmentManage部门管理", "{B5649721-BB27-4822-B5DF-25B5ED08BA2F}"
EndProject
Project("{FAE04EC0-301F-11D3-BF4B-00C04F79EFBC}") = "DepartmentManageBLL", "..\DepartmentManage\DepartmentManageBLL\DepartmentManageBLL.csproj", "{4245F30A-3882-4B41-9A3E-E2277A4A2504}"
EndProject
Project("{FAE04EC0-301F-11D3-BF4B-00C04F79EFBC}") = "DepartmentManageDAL", "..\DepartmentManage\DepartmentManageDAL\DepartmentManageDAL.csproj", "{2A9575BD-E371-4DC8-82CD-B4049E37333D}"
EndProject
Project("{FAE04EC0-301F-11D3-BF4B-00C04F79EFBC}") = "DepartmentManageFactory", "..\DepartmentManage\DepartmentManageFactory\DepartmentManageFactory.csproj", "{462833D5-3AA3-4863-9488-34A4BA0F363A}"
EndProject
Project("{2150E333-8FDC-42A3-9474-1A3956D46DE8}") = "1-CashManage收银管理", "1-CashManage收银管理", "{8EF00D14-2D4E-4610-AAF5-831B358CCFC9}"
EndProject
Project("{2150E333-8FDC-42A3-9474-1A3956D46DE8}") = "2-CustomerManage顾客管理", "2-CustomerManage顾客管理", "{CFE17AAB-0BF2-4BE6-8A47-C89F6CE193CA}"
EndProject
Project("{2150E333-8FDC-42A3-9474-1A3956D46DE8}") = "5-ReservationDoctorManage预约管理", "5-ReservationDoctorManage预约管理", "{A27BEAB0-9461-4047-93FD-187C565DCD7C}"
EndProject
Project("{FAE04EC0-301F-11D3-BF4B-00C04F79EFBC}") = "ReservationDoctorManageBLL", "..\ReservationDoctorManage\ReservationDoctorManageBLL\ReservationDoctorManageBLL.csproj", "{CBD69FD9-6AA7-47A8-A656-C5B13D27EACB}"
EndProject
Project("{FAE04EC0-301F-11D3-BF4B-00C04F79EFBC}") = "ReservationDoctorManageDAL", "..\ReservationDoctorManage\ReservationDoctorManageDAL\ReservationDoctorManageDAL.csproj", "{51B52607-BC57-4303-A128-4B8D55130014}"
EndProject
Project("{FAE04EC0-301F-11D3-BF4B-00C04F79EFBC}") = "ReservationDoctorManageFactory", "..\ReservationDoctorManage\ReservationDoctorManageFactory\ReservationDoctorManageFactory.csproj", "{21E8EA22-8B2F-416C-9C70-C247CDCB0D64}"
EndProject
Project("{FAE04EC0-301F-11D3-BF4B-00C04F79EFBC}") = "SupportComponents", "..\SupportComponents\SupportComponents\SupportComponents.csproj", "{EE2841F0-572A-4ECF-BA31-3D9664F6E4BE}"
EndProject
Project("{2150E333-8FDC-42A3-9474-1A3956D46DE8}") = "6-SystemManage系统管理", "6-SystemManage系统管理", "{4EA78D33-0EE1-46D7-9AF6-7DDC2869056B}"
EndProject
Project("{FAE04EC0-301F-11D3-BF4B-00C04F79EFBC}") = "SystemManageBLL", "..\SystemManage\SystemManageBLL\SystemManageBLL.csproj", "{FBDD8741-2074-4D82-8FFD-BD49C41C33DA}"
EndProject
Project("{FAE04EC0-301F-11D3-BF4B-00C04F79EFBC}") = "SystemManageDAL", "..\SystemManage\SystemManageDAL\SystemManageDAL.csproj", "{875D1A87-C49A-439E-95CF-ADA4ED0E0773}"
EndProject
Project("{FAE04EC0-301F-11D3-BF4B-00C04F79EFBC}") = "SystemManageFactory", "..\SystemManage\SystemManageFactory\SystemManageFactory.csproj", "{D164A3AA-FE09-41A8-BA32-AD07FCC4EA31}"
EndProject
Project("{2150E333-8FDC-42A3-9474-1A3956D46DE8}") = "7-Warehouse仓库管理", "7-Warehouse仓库管理", "{29F1AD2D-C677-4279-BBBE-022271E3A1AC}"
EndProject
Project("{2150E333-8FDC-42A3-9474-1A3956D46DE8}") = "3-CenterManage管理中心", "3-CenterManage管理中心", "{A0DC086E-F565-4D05-98EE-422E24D613EF}"
EndProject
Project("{FAE04EC0-301F-11D3-BF4B-00C04F79EFBC}") = "CashManageBLL", "..\CashManage\CashManageBLL\CashManageBLL.csproj", "{603B80C6-931F-4369-BC66-55E2D5F71301}"
EndProject
Project("{FAE04EC0-301F-11D3-BF4B-00C04F79EFBC}") = "CashManageDAL", "..\CashManage\CashManageDAL\CashManageDAL.csproj", "{F7791D80-620B-489E-A81B-A6F3A9BFE2FD}"
EndProject
Project("{FAE04EC0-301F-11D3-BF4B-00C04F79EFBC}") = "CashManageFactory", "..\CashManage\CashManageFactory\CashManageFactory.csproj", "{1E5F9725-2C7A-4F31-A111-A341837103B5}"
EndProject
Project("{2150E333-8FDC-42A3-9474-1A3956D46DE8}") = "9-BaseinfoManage基础信息管理", "9-BaseinfoManage基础信息管理", "{E3BAE0AB-EB33-45CD-B96C-6A567F3070C1}"
EndProject
Project("{FAE04EC0-301F-11D3-BF4B-00C04F79EFBC}") = "BaseinfoManageBLL", "..\BaseinfoManage\BaseinfoBLL\BaseinfoManageBLL.csproj", "{1E38A4CC-8922-4268-B731-40C0D7C68709}"
EndProject
Project("{FAE04EC0-301F-11D3-BF4B-00C04F79EFBC}") = "BaseinfoManageDAL", "..\BaseinfoManage\BaseinfoManageDAL\BaseinfoManageDAL.csproj", "{6DA0CC5B-A440-4E27-B523-2AC5949A9712}"
EndProject
Project("{FAE04EC0-301F-11D3-BF4B-00C04F79EFBC}") = "BaseinfoManageFactory", "..\BaseinfoManage\BaseinfoManageFactory\BaseinfoManageFactory.csproj", "{1892AF2B-A8F2-4F33-9CCD-7CDC27817A31}"
EndProject
Project("{FAE04EC0-301F-11D3-BF4B-00C04F79EFBC}") = "WarehouseManageBLL", "..\WarehouseManage\WarehouseManageBLL\WarehouseManageBLL.csproj", "{77DA1B0C-A6AC-4E1B-A667-58D84DC1FAE0}"
EndProject
Project("{FAE04EC0-301F-11D3-BF4B-00C04F79EFBC}") = "WarehouseManageDAL", "..\WarehouseManage\WarehouseManageDAL\WarehouseManageDAL.csproj", "{B88B4494-D881-4A20-84A5-8E8D5851A2BF}"
EndProject
Project("{FAE04EC0-301F-11D3-BF4B-00C04F79EFBC}") = "WarehouseManageFactory", "..\WarehouseManage\WarehouseManageFactory\WarehouseManageFactory.csproj", "{4B51E510-72FC-4F22-805D-E7EE2647FEA3}"
EndProject
Project("{FAE04EC0-301F-11D3-BF4B-00C04F79EFBC}") = "CenterManageBLL", "..\CenterManage\CenterManageBLL\CenterManageBLL.csproj", "{5B72884A-81DA-42B0-90CA-D67E191A66A3}"
EndProject
Project("{FAE04EC0-301F-11D3-BF4B-00C04F79EFBC}") = "CenterManageDAL", "..\CenterManage\CenterManageDAL\CenterManageDAL.csproj", "{B5257500-78E1-4739-8AAA-A8A46F73501B}"
EndProject
Project("{FAE04EC0-301F-11D3-BF4B-00C04F79EFBC}") = "CenterManageFactory", "..\CenterManage\CenterManageFactory\CenterManageFactory.csproj", "{E791080B-ACAE-49CC-8355-A9118FDB06EE}"
EndProject
Global
	GlobalSection(SolutionConfigurationPlatforms) = preSolution
		Debug|Any CPU = Debug|Any CPU
		Release|Any CPU = Release|Any CPU
	EndGlobalSection
	GlobalSection(ProjectConfigurationPlatforms) = postSolution
		{B77B6F28-7A1B-4763-A839-AAC427FFD81E}.Debug|Any CPU.ActiveCfg = Debug|Any CPU
		{B77B6F28-7A1B-4763-A839-AAC427FFD81E}.Debug|Any CPU.Build.0 = Debug|Any CPU
		{B77B6F28-7A1B-4763-A839-AAC427FFD81E}.Release|Any CPU.ActiveCfg = Release|Any CPU
		{B77B6F28-7A1B-4763-A839-AAC427FFD81E}.Release|Any CPU.Build.0 = Release|Any CPU
		{8672D32B-C7DC-417F-8A1B-3E45E6AC2E6C}.Debug|Any CPU.ActiveCfg = Debug|Any CPU
		{8672D32B-C7DC-417F-8A1B-3E45E6AC2E6C}.Debug|Any CPU.Build.0 = Debug|Any CPU
		{8672D32B-C7DC-417F-8A1B-3E45E6AC2E6C}.Release|Any CPU.ActiveCfg = Release|Any CPU
		{8672D32B-C7DC-417F-8A1B-3E45E6AC2E6C}.Release|Any CPU.Build.0 = Release|Any CPU
		{1D437FC2-5D13-4E88-AAB9-6A8F1F903B2E}.Debug|Any CPU.ActiveCfg = Debug|Any CPU
		{1D437FC2-5D13-4E88-AAB9-6A8F1F903B2E}.Debug|Any CPU.Build.0 = Debug|Any CPU
		{1D437FC2-5D13-4E88-AAB9-6A8F1F903B2E}.Release|Any CPU.ActiveCfg = Release|Any CPU
		{1D437FC2-5D13-4E88-AAB9-6A8F1F903B2E}.Release|Any CPU.Build.0 = Release|Any CPU
		{FC4E6E22-B95A-4D5F-AC9C-751A7844CE51}.Debug|Any CPU.ActiveCfg = Debug|Any CPU
		{FC4E6E22-B95A-4D5F-AC9C-751A7844CE51}.Debug|Any CPU.Build.0 = Debug|Any CPU
		{FC4E6E22-B95A-4D5F-AC9C-751A7844CE51}.Release|Any CPU.ActiveCfg = Release|Any CPU
		{FC4E6E22-B95A-4D5F-AC9C-751A7844CE51}.Release|Any CPU.Build.0 = Release|Any CPU
		{5AB46B8C-F3C0-4DA5-B405-ABB42AFD5F78}.Debug|Any CPU.ActiveCfg = Debug|Any CPU
		{5AB46B8C-F3C0-4DA5-B405-ABB42AFD5F78}.Debug|Any CPU.Build.0 = Debug|Any CPU
		{5AB46B8C-F3C0-4DA5-B405-ABB42AFD5F78}.Release|Any CPU.ActiveCfg = Release|Any CPU
		{5AB46B8C-F3C0-4DA5-B405-ABB42AFD5F78}.Release|Any CPU.Build.0 = Release|Any CPU
		{9FEA43C1-3F1D-4341-A9BA-BE347401C42B}.Debug|Any CPU.ActiveCfg = Debug|Any CPU
		{9FEA43C1-3F1D-4341-A9BA-BE347401C42B}.Debug|Any CPU.Build.0 = Debug|Any CPU
		{9FEA43C1-3F1D-4341-A9BA-BE347401C42B}.Release|Any CPU.ActiveCfg = Release|Any CPU
		{9FEA43C1-3F1D-4341-A9BA-BE347401C42B}.Release|Any CPU.Build.0 = Release|Any CPU
		{C071820F-24ED-49AE-88E5-E525F528FD08}.Debug|Any CPU.ActiveCfg = Debug|Any CPU
		{C071820F-24ED-49AE-88E5-E525F528FD08}.Debug|Any CPU.Build.0 = Debug|Any CPU
		{C071820F-24ED-49AE-88E5-E525F528FD08}.Release|Any CPU.ActiveCfg = Release|Any CPU
		{C071820F-24ED-49AE-88E5-E525F528FD08}.Release|Any CPU.Build.0 = Release|Any CPU
		{DF4EB9EF-FE62-44B8-98BB-D35F3DBFB500}.Debug|Any CPU.ActiveCfg = Debug|Any CPU
		{DF4EB9EF-FE62-44B8-98BB-D35F3DBFB500}.Debug|Any CPU.Build.0 = Debug|Any CPU
		{DF4EB9EF-FE62-44B8-98BB-D35F3DBFB500}.Release|Any CPU.ActiveCfg = Release|Any CPU
		{DF4EB9EF-FE62-44B8-98BB-D35F3DBFB500}.Release|Any CPU.Build.0 = Release|Any CPU
		{07559B83-FEA8-4FFA-9283-61AA4299FD66}.Debug|Any CPU.ActiveCfg = Debug|Any CPU
		{07559B83-FEA8-4FFA-9283-61AA4299FD66}.Debug|Any CPU.Build.0 = Debug|Any CPU
		{07559B83-FEA8-4FFA-9283-61AA4299FD66}.Release|Any CPU.ActiveCfg = Release|Any CPU
		{07559B83-FEA8-4FFA-9283-61AA4299FD66}.Release|Any CPU.Build.0 = Release|Any CPU
		{4245F30A-3882-4B41-9A3E-E2277A4A2504}.Debug|Any CPU.ActiveCfg = Debug|Any CPU
		{4245F30A-3882-4B41-9A3E-E2277A4A2504}.Debug|Any CPU.Build.0 = Debug|Any CPU
		{4245F30A-3882-4B41-9A3E-E2277A4A2504}.Release|Any CPU.ActiveCfg = Release|Any CPU
		{4245F30A-3882-4B41-9A3E-E2277A4A2504}.Release|Any CPU.Build.0 = Release|Any CPU
		{2A9575BD-E371-4DC8-82CD-B4049E37333D}.Debug|Any CPU.ActiveCfg = Debug|Any CPU
		{2A9575BD-E371-4DC8-82CD-B4049E37333D}.Debug|Any CPU.Build.0 = Debug|Any CPU
		{2A9575BD-E371-4DC8-82CD-B4049E37333D}.Release|Any CPU.ActiveCfg = Release|Any CPU
		{2A9575BD-E371-4DC8-82CD-B4049E37333D}.Release|Any CPU.Build.0 = Release|Any CPU
		{462833D5-3AA3-4863-9488-34A4BA0F363A}.Debug|Any CPU.ActiveCfg = Debug|Any CPU
		{462833D5-3AA3-4863-9488-34A4BA0F363A}.Debug|Any CPU.Build.0 = Debug|Any CPU
		{462833D5-3AA3-4863-9488-34A4BA0F363A}.Release|Any CPU.ActiveCfg = Release|Any CPU
		{462833D5-3AA3-4863-9488-34A4BA0F363A}.Release|Any CPU.Build.0 = Release|Any CPU
		{CBD69FD9-6AA7-47A8-A656-C5B13D27EACB}.Debug|Any CPU.ActiveCfg = Debug|Any CPU
		{CBD69FD9-6AA7-47A8-A656-C5B13D27EACB}.Debug|Any CPU.Build.0 = Debug|Any CPU
		{CBD69FD9-6AA7-47A8-A656-C5B13D27EACB}.Release|Any CPU.ActiveCfg = Release|Any CPU
		{CBD69FD9-6AA7-47A8-A656-C5B13D27EACB}.Release|Any CPU.Build.0 = Release|Any CPU
		{51B52607-BC57-4303-A128-4B8D55130014}.Debug|Any CPU.ActiveCfg = Debug|Any CPU
		{51B52607-BC57-4303-A128-4B8D55130014}.Debug|Any CPU.Build.0 = Debug|Any CPU
		{51B52607-BC57-4303-A128-4B8D55130014}.Release|Any CPU.ActiveCfg = Release|Any CPU
		{51B52607-BC57-4303-A128-4B8D55130014}.Release|Any CPU.Build.0 = Release|Any CPU
		{21E8EA22-8B2F-416C-9C70-C247CDCB0D64}.Debug|Any CPU.ActiveCfg = Debug|Any CPU
		{21E8EA22-8B2F-416C-9C70-C247CDCB0D64}.Debug|Any CPU.Build.0 = Debug|Any CPU
		{21E8EA22-8B2F-416C-9C70-C247CDCB0D64}.Release|Any CPU.ActiveCfg = Release|Any CPU
		{21E8EA22-8B2F-416C-9C70-C247CDCB0D64}.Release|Any CPU.Build.0 = Release|Any CPU
		{EE2841F0-572A-4ECF-BA31-3D9664F6E4BE}.Debug|Any CPU.ActiveCfg = Debug|Any CPU
		{EE2841F0-572A-4ECF-BA31-3D9664F6E4BE}.Debug|Any CPU.Build.0 = Debug|Any CPU
		{EE2841F0-572A-4ECF-BA31-3D9664F6E4BE}.Release|Any CPU.ActiveCfg = Release|Any CPU
		{EE2841F0-572A-4ECF-BA31-3D9664F6E4BE}.Release|Any CPU.Build.0 = Release|Any CPU
		{FBDD8741-2074-4D82-8FFD-BD49C41C33DA}.Debug|Any CPU.ActiveCfg = Debug|Any CPU
		{FBDD8741-2074-4D82-8FFD-BD49C41C33DA}.Debug|Any CPU.Build.0 = Debug|Any CPU
		{FBDD8741-2074-4D82-8FFD-BD49C41C33DA}.Release|Any CPU.ActiveCfg = Release|Any CPU
		{FBDD8741-2074-4D82-8FFD-BD49C41C33DA}.Release|Any CPU.Build.0 = Release|Any CPU
		{875D1A87-C49A-439E-95CF-ADA4ED0E0773}.Debug|Any CPU.ActiveCfg = Debug|Any CPU
		{875D1A87-C49A-439E-95CF-ADA4ED0E0773}.Debug|Any CPU.Build.0 = Debug|Any CPU
		{875D1A87-C49A-439E-95CF-ADA4ED0E0773}.Release|Any CPU.ActiveCfg = Release|Any CPU
		{875D1A87-C49A-439E-95CF-ADA4ED0E0773}.Release|Any CPU.Build.0 = Release|Any CPU
		{D164A3AA-FE09-41A8-BA32-AD07FCC4EA31}.Debug|Any CPU.ActiveCfg = Debug|Any CPU
		{D164A3AA-FE09-41A8-BA32-AD07FCC4EA31}.Debug|Any CPU.Build.0 = Debug|Any CPU
		{D164A3AA-FE09-41A8-BA32-AD07FCC4EA31}.Release|Any CPU.ActiveCfg = Release|Any CPU
		{D164A3AA-FE09-41A8-BA32-AD07FCC4EA31}.Release|Any CPU.Build.0 = Release|Any CPU
		{603B80C6-931F-4369-BC66-55E2D5F71301}.Debug|Any CPU.ActiveCfg = Debug|Any CPU
		{603B80C6-931F-4369-BC66-55E2D5F71301}.Debug|Any CPU.Build.0 = Debug|Any CPU
		{603B80C6-931F-4369-BC66-55E2D5F71301}.Release|Any CPU.ActiveCfg = Release|Any CPU
		{603B80C6-931F-4369-BC66-55E2D5F71301}.Release|Any CPU.Build.0 = Release|Any CPU
		{F7791D80-620B-489E-A81B-A6F3A9BFE2FD}.Debug|Any CPU.ActiveCfg = Debug|Any CPU
		{F7791D80-620B-489E-A81B-A6F3A9BFE2FD}.Debug|Any CPU.Build.0 = Debug|Any CPU
		{F7791D80-620B-489E-A81B-A6F3A9BFE2FD}.Release|Any CPU.ActiveCfg = Release|Any CPU
		{F7791D80-620B-489E-A81B-A6F3A9BFE2FD}.Release|Any CPU.Build.0 = Release|Any CPU
		{1E5F9725-2C7A-4F31-A111-A341837103B5}.Debug|Any CPU.ActiveCfg = Debug|Any CPU
		{1E5F9725-2C7A-4F31-A111-A341837103B5}.Debug|Any CPU.Build.0 = Debug|Any CPU
		{1E5F9725-2C7A-4F31-A111-A341837103B5}.Release|Any CPU.ActiveCfg = Release|Any CPU
		{1E5F9725-2C7A-4F31-A111-A341837103B5}.Release|Any CPU.Build.0 = Release|Any CPU
		{1E38A4CC-8922-4268-B731-40C0D7C68709}.Debug|Any CPU.ActiveCfg = Debug|Any CPU
		{1E38A4CC-8922-4268-B731-40C0D7C68709}.Debug|Any CPU.Build.0 = Debug|Any CPU
		{1E38A4CC-8922-4268-B731-40C0D7C68709}.Release|Any CPU.ActiveCfg = Release|Any CPU
		{1E38A4CC-8922-4268-B731-40C0D7C68709}.Release|Any CPU.Build.0 = Release|Any CPU
		{6DA0CC5B-A440-4E27-B523-2AC5949A9712}.Debug|Any CPU.ActiveCfg = Debug|Any CPU
		{6DA0CC5B-A440-4E27-B523-2AC5949A9712}.Debug|Any CPU.Build.0 = Debug|Any CPU
		{6DA0CC5B-A440-4E27-B523-2AC5949A9712}.Release|Any CPU.ActiveCfg = Release|Any CPU
		{6DA0CC5B-A440-4E27-B523-2AC5949A9712}.Release|Any CPU.Build.0 = Release|Any CPU
		{1892AF2B-A8F2-4F33-9CCD-7CDC27817A31}.Debug|Any CPU.ActiveCfg = Debug|Any CPU
		{1892AF2B-A8F2-4F33-9CCD-7CDC27817A31}.Debug|Any CPU.Build.0 = Debug|Any CPU
		{1892AF2B-A8F2-4F33-9CCD-7CDC27817A31}.Release|Any CPU.ActiveCfg = Release|Any CPU
		{1892AF2B-A8F2-4F33-9CCD-7CDC27817A31}.Release|Any CPU.Build.0 = Release|Any CPU
		{77DA1B0C-A6AC-4E1B-A667-58D84DC1FAE0}.Debug|Any CPU.ActiveCfg = Debug|Any CPU
		{77DA1B0C-A6AC-4E1B-A667-58D84DC1FAE0}.Debug|Any CPU.Build.0 = Debug|Any CPU
		{77DA1B0C-A6AC-4E1B-A667-58D84DC1FAE0}.Release|Any CPU.ActiveCfg = Release|Any CPU
		{77DA1B0C-A6AC-4E1B-A667-58D84DC1FAE0}.Release|Any CPU.Build.0 = Release|Any CPU
		{B88B4494-D881-4A20-84A5-8E8D5851A2BF}.Debug|Any CPU.ActiveCfg = Debug|Any CPU
		{B88B4494-D881-4A20-84A5-8E8D5851A2BF}.Debug|Any CPU.Build.0 = Debug|Any CPU
		{B88B4494-D881-4A20-84A5-8E8D5851A2BF}.Release|Any CPU.ActiveCfg = Release|Any CPU
		{B88B4494-D881-4A20-84A5-8E8D5851A2BF}.Release|Any CPU.Build.0 = Release|Any CPU
		{4B51E510-72FC-4F22-805D-E7EE2647FEA3}.Debug|Any CPU.ActiveCfg = Debug|Any CPU
		{4B51E510-72FC-4F22-805D-E7EE2647FEA3}.Debug|Any CPU.Build.0 = Debug|Any CPU
		{4B51E510-72FC-4F22-805D-E7EE2647FEA3}.Release|Any CPU.ActiveCfg = Release|Any CPU
		{4B51E510-72FC-4F22-805D-E7EE2647FEA3}.Release|Any CPU.Build.0 = Release|Any CPU
		{5B72884A-81DA-42B0-90CA-D67E191A66A3}.Debug|Any CPU.ActiveCfg = Debug|Any CPU
		{5B72884A-81DA-42B0-90CA-D67E191A66A3}.Debug|Any CPU.Build.0 = Debug|Any CPU
		{5B72884A-81DA-42B0-90CA-D67E191A66A3}.Release|Any CPU.ActiveCfg = Release|Any CPU
		{5B72884A-81DA-42B0-90CA-D67E191A66A3}.Release|Any CPU.Build.0 = Release|Any CPU
		{B5257500-78E1-4739-8AAA-A8A46F73501B}.Debug|Any CPU.ActiveCfg = Debug|Any CPU
		{B5257500-78E1-4739-8AAA-A8A46F73501B}.Debug|Any CPU.Build.0 = Debug|Any CPU
		{B5257500-78E1-4739-8AAA-A8A46F73501B}.Release|Any CPU.ActiveCfg = Release|Any CPU
		{B5257500-78E1-4739-8AAA-A8A46F73501B}.Release|Any CPU.Build.0 = Release|Any CPU
		{E791080B-ACAE-49CC-8355-A9118FDB06EE}.Debug|Any CPU.ActiveCfg = Debug|Any CPU
		{E791080B-ACAE-49CC-8355-A9118FDB06EE}.Debug|Any CPU.Build.0 = Debug|Any CPU
		{E791080B-ACAE-49CC-8355-A9118FDB06EE}.Release|Any CPU.ActiveCfg = Release|Any CPU
		{E791080B-ACAE-49CC-8355-A9118FDB06EE}.Release|Any CPU.Build.0 = Release|Any CPU
	EndGlobalSection
	GlobalSection(SolutionProperties) = preSolution
		HideSolutionNode = FALSE
	EndGlobalSection
	GlobalSection(NestedProjects) = preSolution
		{FC4E6E22-B95A-4D5F-AC9C-751A7844CE51} = {CFE17AAB-0BF2-4BE6-8A47-C89F6CE193CA}
		{5AB46B8C-F3C0-4DA5-B405-ABB42AFD5F78} = {CFE17AAB-0BF2-4BE6-8A47-C89F6CE193CA}
		{9FEA43C1-3F1D-4341-A9BA-BE347401C42B} = {CFE17AAB-0BF2-4BE6-8A47-C89F6CE193CA}
		{C071820F-24ED-49AE-88E5-E525F528FD08} = {B30BEEBA-F197-4783-8F86-03546604ABFB}
		{DF4EB9EF-FE62-44B8-98BB-D35F3DBFB500} = {B30BEEBA-F197-4783-8F86-03546604ABFB}
		{07559B83-FEA8-4FFA-9283-61AA4299FD66} = {B30BEEBA-F197-4783-8F86-03546604ABFB}
		{4245F30A-3882-4B41-9A3E-E2277A4A2504} = {B5649721-BB27-4822-B5DF-25B5ED08BA2F}
		{2A9575BD-E371-4DC8-82CD-B4049E37333D} = {B5649721-BB27-4822-B5DF-25B5ED08BA2F}
		{462833D5-3AA3-4863-9488-34A4BA0F363A} = {B5649721-BB27-4822-B5DF-25B5ED08BA2F}
		{CBD69FD9-6AA7-47A8-A656-C5B13D27EACB} = {A27BEAB0-9461-4047-93FD-187C565DCD7C}
		{51B52607-BC57-4303-A128-4B8D55130014} = {A27BEAB0-9461-4047-93FD-187C565DCD7C}
		{21E8EA22-8B2F-416C-9C70-C247CDCB0D64} = {A27BEAB0-9461-4047-93FD-187C565DCD7C}
		{FBDD8741-2074-4D82-8FFD-BD49C41C33DA} = {4EA78D33-0EE1-46D7-9AF6-7DDC2869056B}
		{875D1A87-C49A-439E-95CF-ADA4ED0E0773} = {4EA78D33-0EE1-46D7-9AF6-7DDC2869056B}
		{D164A3AA-FE09-41A8-BA32-AD07FCC4EA31} = {4EA78D33-0EE1-46D7-9AF6-7DDC2869056B}
		{603B80C6-931F-4369-BC66-55E2D5F71301} = {8EF00D14-2D4E-4610-AAF5-831B358CCFC9}
		{F7791D80-620B-489E-A81B-A6F3A9BFE2FD} = {8EF00D14-2D4E-4610-AAF5-831B358CCFC9}
		{1E5F9725-2C7A-4F31-A111-A341837103B5} = {8EF00D14-2D4E-4610-AAF5-831B358CCFC9}
		{1E38A4CC-8922-4268-B731-40C0D7C68709} = {E3BAE0AB-EB33-45CD-B96C-6A567F3070C1}
		{6DA0CC5B-A440-4E27-B523-2AC5949A9712} = {E3BAE0AB-EB33-45CD-B96C-6A567F3070C1}
		{1892AF2B-A8F2-4F33-9CCD-7CDC27817A31} = {E3BAE0AB-EB33-45CD-B96C-6A567F3070C1}
		{77DA1B0C-A6AC-4E1B-A667-58D84DC1FAE0} = {29F1AD2D-C677-4279-BBBE-022271E3A1AC}
		{B88B4494-D881-4A20-84A5-8E8D5851A2BF} = {29F1AD2D-C677-4279-BBBE-022271E3A1AC}
		{4B51E510-72FC-4F22-805D-E7EE2647FEA3} = {29F1AD2D-C677-4279-BBBE-022271E3A1AC}
		{5B72884A-81DA-42B0-90CA-D67E191A66A3} = {A0DC086E-F565-4D05-98EE-422E24D613EF}
		{B5257500-78E1-4739-8AAA-A8A46F73501B} = {A0DC086E-F565-4D05-98EE-422E24D613EF}
		{E791080B-ACAE-49CC-8355-A9118FDB06EE} = {A0DC086E-F565-4D05-98EE-422E24D613EF}
	EndGlobalSection
	GlobalSection(ExtensibilityGlobals) = postSolution
		SolutionGuid = {EF378A8E-FC75-42F5-ACEB-E680EB023CF9}
	EndGlobalSection
EndGlobal
